{
  "nodes": {
    "nix-filter": {
      "locked": {
        "lastModified": 1757882181,
        "narHash": "sha256-+cCxYIh2UNalTz364p+QYmWHs0P+6wDhiWR4jDIKQIU=",
        "owner": "numtide",
        "repo": "nix-filter",
        "rev": "59c44d1909c72441144b93cf0f054be7fe764de5",
        "type": "github"
      },
      "original": {
        "owner": "numtide",
        "repo": "nix-filter",
        "type": "github"
      }
    },
    "nixpkgs": {
      "locked": {
        "lastModified": 1763375004,
        "narHash": "sha256-e81Xfa7xhRZfqGB4s3xEvrg4p1v+fToM6CIQlXUyaX0=",
        "rev": "8b6600824693a9c706ef09bd86711ca393703466",
        "revCount": 897465,
        "type": "tarball",
        "url": "https://api.flakehub.com/f/pinned/DeterminateSystems/nixpkgs-weekly/0.1.897465%2Brev-8b6600824693a9c706ef09bd86711ca393703466/019a9577-b407-75dd-b18b-3308def1c215/source.tar.gz"
      },
      "original": {
        "type": "tarball",
        "url": "https://flakehub.com/f/DeterminateSystems/nixpkgs-weekly/0.1"
      }
    },
    "root": {
      "inputs": {
        "nix-filter": "nix-filter",
        "nixpkgs": "nixpkgs"
      }
    }
  },
  "root": "root",
  "version": 7
}
